
Microsoft Visual Studio Solution File, Format Version 12.00
# Visual Studio Version 17
VisualStudioVersion = 17.6.33712.159
MinimumVisualStudioVersion = 10.0.40219.1
Project("{FAE04EC0-301F-11D3-BF4B-00C04F79EFBC}") = "ProjetoTesteBoldReports", "ProjetoTesteBoldReports\ProjetoTesteBoldReports.csproj", "{A326816E-B160-4583-A6F5-F0DECA6EEDB7}"
EndProject
Global
	GlobalSection(SolutionConfigurationPlatforms) = preSolution
		Debug|Any CPU = Debug|Any CPU
		DebugLocal|Any CPU = DebugLocal|Any CPU
		Release|Any CPU = Release|Any CPU
	EndGlobalSection
	GlobalSection(ProjectConfigurationPlatforms) = postSolution
		{A326816E-B160-4583-A6F5-F0DECA6EEDB7}.Debug|Any CPU.ActiveCfg = Debug|Any CPU
		{A326816E-B160-4583-A6F5-F0DECA6EEDB7}.Debug|Any CPU.Build.0 = Debug|Any CPU
		{A326816E-B160-4583-A6F5-F0DECA6EEDB7}.DebugLocal|Any CPU.ActiveCfg = Debug|Any CPU
		{A326816E-B160-4583-A6F5-F0DECA6EEDB7}.DebugLocal|Any CPU.Build.0 = Debug|Any CPU
		{A326816E-B160-4583-A6F5-F0DECA6EEDB7}.Release|Any CPU.ActiveCfg = Release|Any CPU
		{A326816E-B160-4583-A6F5-F0DECA6EEDB7}.Release|Any CPU.Build.0 = Release|Any CPU
	EndGlobalSection
	GlobalSection(SolutionProperties) = preSolution
		HideSolutionNode = FALSE
	EndGlobalSection
	GlobalSection(ExtensibilityGlobals) = postSolution
		SolutionGuid = {FACE57A2-6357-47E8-A8FB-C28558C4B76B}
	EndGlobalSection
EndGlobal
